{
  "name": "scramble-display",
  "version": "0.5.3",
  "lockfileVersion": 2,
  "requires": true,
  "packages": {
    "": {
      "name": "scramble-display",
      "version": "0.5.3",
      "license": "GPL-3.0-or-later",
      "dependencies": {
        "cubing": "^0.32.1"
      },
      "devDependencies": {
        "barely-a-dev-server": "^0.2.5",
        "esbuild": "^0.14.7",
        "typescript": "^4.5.4"
      }
    },
    "node_modules/@types/three": {
      "version": "0.144.0",
      "resolved": "https://registry.npmjs.org/@types/three/-/three-0.144.0.tgz",
      "integrity": "sha512-psvEs6q5rLN50jUYZ3D4pZMfxTbdt3A243blt0my7/NcL6chaCZpHe2csbCtx0SOD9fI/XnF3wnVUAYZGqCSYg==",
      "dependencies": {
        "@types/webxr": "*"
      }
    },
    "node_modules/@types/web-bluetooth": {
      "version": "0.0.15",
      "resolved": "https://registry.npmjs.org/@types/web-bluetooth/-/web-bluetooth-0.0.15.tgz",
      "integrity": "sha512-w7hEHXnPMEZ+4nGKl/KDRVpxkwYxYExuHOYXyzIzCDzEZ9ZCGMAewulr9IqJu2LR4N37fcnb1XVeuZ09qgOxhA=="
    },
    "node_modules/@types/webxr": {
      "version": "0.5.0",
      "resolved": "https://registry.npmjs.org/@types/webxr/-/webxr-0.5.0.tgz",
      "integrity": "sha512-IUMDPSXnYIbEO2IereEFcgcqfDREOgmbGqtrMpVPpACTU6pltYLwHgVkrnYv0XhWEcjio9sYEfIEzgn3c7nDqA=="
    },
    "node_modules/barely-a-dev-server": {
      "version": "0.2.5",
      "resolved": "https://registry.npmjs.org/barely-a-dev-server/-/barely-a-dev-server-0.2.5.tgz",
      "integrity": "sha512-RtJTNC2PoKWw79FqeSnHTckZ9uxpjLLndocBcA9e/6ZU1lMTkX57LvE7bP+QeKtyIw248GpqqbtBagaHdkEZLA==",
      "dev": true,
      "dependencies": {
        "esbuild": "^0.13.4"
      }
    },
    "node_modules/barely-a-dev-server/node_modules/esbuild": {
      "version": "0.13.15",
      "resolved": "https://registry.npmjs.org/esbuild/-/esbuild-0.13.15.tgz",
      "integrity": "sha512-raCxt02HBKv8RJxE8vkTSCXGIyKHdEdGfUmiYb8wnabnaEmHzyW7DCHb5tEN0xU8ryqg5xw54mcwnYkC4x3AIw==",
      "dev": true,
      "hasInstallScript": true,
      "bin": {
        "esbuild": "bin/esbuild"
      },
      "optionalDependencies": {
        "esbuild-android-arm64": "0.13.15",
        "esbuild-darwin-64": "0.13.15",
        "esbuild-darwin-arm64": "0.13.15",
        "esbuild-freebsd-64": "0.13.15",
        "esbuild-freebsd-arm64": "0.13.15",
        "esbuild-linux-32": "0.13.15",
        "esbuild-linux-64": "0.13.15",
        "esbuild-linux-arm": "0.13.15",
        "esbuild-linux-arm64": "0.13.15",
        "esbuild-linux-mips64le": "0.13.15",
        "esbuild-linux-ppc64le": "0.13.15",
        "esbuild-netbsd-64": "0.13.15",
        "esbuild-openbsd-64": "0.13.15",
        "esbuild-sunos-64": "0.13.15",
        "esbuild-windows-32": "0.13.15",
        "esbuild-windows-64": "0.13.15",
        "esbuild-windows-arm64": "0.13.15"
      }
    },
    "node_modules/barely-a-dev-server/node_modules/esbuild-android-arm64": {
      "version": "0.13.15",
      "resolved": "https://registry.npmjs.org/esbuild-android-arm64/-/esbuild-android-arm64-0.13.15.tgz",
      "integrity": "sha512-m602nft/XXeO8YQPUDVoHfjyRVPdPgjyyXOxZ44MK/agewFFkPa8tUo6lAzSWh5Ui5PB4KR9UIFTSBKh/RrCmg==",
      "cpu": [
        "arm64"
      ],
      "dev": true,
      "optional": true,
      "os": [
        "android"
      ]
    },
    "node_modules/barely-a-dev-server/node_modules/esbuild-darwin-64": {
      "version": "0.13.15",
      "resolved": "https://registry.npmjs.org/esbuild-darwin-64/-/esbuild-darwin-64-0.13.15.tgz",
      "integrity": "sha512-ihOQRGs2yyp7t5bArCwnvn2Atr6X4axqPpEdCFPVp7iUj4cVSdisgvEKdNR7yH3JDjW6aQDw40iQFoTqejqxvQ==",
      "cpu": [
        "x64"
      ],
      "dev": true,
      "optional": true,
      "os": [
        "darwin"
      ]
    },
    "node_modules/barely-a-dev-server/node_modules/esbuild-darwin-arm64": {
      "version": "0.13.15",
      "resolved": "https://registry.npmjs.org/esbuild-darwin-arm64/-/esbuild-darwin-arm64-0.13.15.tgz",
      "integrity": "sha512-i1FZssTVxUqNlJ6cBTj5YQj4imWy3m49RZRnHhLpefFIh0To05ow9DTrXROTE1urGTQCloFUXTX8QfGJy1P8dQ==",
      "cpu": [
        "arm64"
      ],
      "dev": true,
      "optional": true,
      "os": [
        "darwin"
      ]
    },
    "node_modules/barely-a-dev-server/node_modules/esbuild-freebsd-64": {
      "version": "0.13.15",
      "resolved": "https://registry.npmjs.org/esbuild-freebsd-64/-/esbuild-freebsd-64-0.13.15.tgz",
      "integrity": "sha512-G3dLBXUI6lC6Z09/x+WtXBXbOYQZ0E8TDBqvn7aMaOCzryJs8LyVXKY4CPnHFXZAbSwkCbqiPuSQ1+HhrNk7EA==",
      "cpu": [
        "x64"
      ],
      "dev": true,
      "optional": true,
      "os": [
        "freebsd"
      ]
    },
    "node_modules/barely-a-dev-server/node_modules/esbuild-freebsd-arm64": {
      "version": "0.13.15",
      "resolved": "https://registry.npmjs.org/esbuild-freebsd-arm64/-/esbuild-freebsd-arm64-0.13.15.tgz",
      "integrity": "sha512-KJx0fzEDf1uhNOZQStV4ujg30WlnwqUASaGSFPhznLM/bbheu9HhqZ6mJJZM32lkyfGJikw0jg7v3S0oAvtvQQ==",
      "cpu": [
        "arm64"
      ],
      "dev": true,
      "optional": true,
      "os": [
        "freebsd"
      ]
    },
    "node_modules/barely-a-dev-server/node_modules/esbuild-linux-32": {
      "version": "0.13.15",
      "resolved": "https://registry.npmjs.org/esbuild-linux-32/-/esbuild-linux-32-0.13.15.tgz",
      "integrity": "sha512-ZvTBPk0YWCLMCXiFmD5EUtB30zIPvC5Itxz0mdTu/xZBbbHJftQgLWY49wEPSn2T/TxahYCRDWun5smRa0Tu+g==",
      "cpu": [
        "ia32"
      ],
      "dev": true,
      "optional": true,
      "os": [
        "linux"
      ]
    },
    "node_modules/barely-a-dev-server/node_modules/esbuild-linux-64": {
      "version": "0.13.15",
      "resolved": "https://registry.npmjs.org/esbuild-linux-64/-/esbuild-linux-64-0.13.15.tgz",
      "integrity": "sha512-eCKzkNSLywNeQTRBxJRQ0jxRCl2YWdMB3+PkWFo2BBQYC5mISLIVIjThNtn6HUNqua1pnvgP5xX0nHbZbPj5oA==",
      "cpu": [
        "x64"
      ],
      "dev": true,
      "optional": true,
      "os": [
        "linux"
      ]
    },
    "node_modules/barely-a-dev-server/node_modules/esbuild-linux-arm": {
      "version": "0.13.15",
      "resolved": "https://registry.npmjs.org/esbuild-linux-arm/-/esbuild-linux-arm-0.13.15.tgz",
      "integrity": "sha512-wUHttDi/ol0tD8ZgUMDH8Ef7IbDX+/UsWJOXaAyTdkT7Yy9ZBqPg8bgB/Dn3CZ9SBpNieozrPRHm0BGww7W/jA==",
      "cpu": [
        "arm"
      ],
      "dev": true,
      "optional": true,
      "os": [
        "linux"
      ]
    },
    "node_modules/barely-a-dev-server/node_modules/esbuild-linux-arm64": {
      "version": "0.13.15",
      "resolved": "https://registry.npmjs.org/esbuild-linux-arm64/-/esbuild-linux-arm64-0.13.15.tgz",
      "integrity": "sha512-bYpuUlN6qYU9slzr/ltyLTR9YTBS7qUDymO8SV7kjeNext61OdmqFAzuVZom+OLW1HPHseBfJ/JfdSlx8oTUoA==",
      "cpu": [
        "arm64"
      ],
      "dev": true,
      "optional": true,
      "os": [
        "linux"
      ]
    },
    "node_modules/barely-a-dev-server/node_modules/esbuild-linux-mips64le": {
      "version": "0.13.15",
      "resolved": "https://registry.npmjs.org/esbuild-linux-mips64le/-/esbuild-linux-mips64le-0.13.15.tgz",
      "integrity": "sha512-KlVjIG828uFPyJkO/8gKwy9RbXhCEUeFsCGOJBepUlpa7G8/SeZgncUEz/tOOUJTcWMTmFMtdd3GElGyAtbSWg==",
      "cpu": [
        "mips64el"
      ],
      "dev": true,
      "optional": true,
      "os": [
        "linux"
      ]
    },
    "node_modules/barely-a-dev-server/node_modules/esbuild-linux-ppc64le": {
      "version": "0.13.15",
      "resolved": "https://registry.npmjs.org/esbuild-linux-ppc64le/-/esbuild-linux-ppc64le-0.13.15.tgz",
      "integrity": "sha512-h6gYF+OsaqEuBjeesTBtUPw0bmiDu7eAeuc2OEH9S6mV9/jPhPdhOWzdeshb0BskRZxPhxPOjqZ+/OqLcxQwEQ==",
      "cpu": [
        "ppc64"
      ],
      "dev": true,
      "optional": true,
      "os": [
        "linux"
      ]
    },
    "node_modules/barely-a-dev-server/node_modules/esbuild-netbsd-64": {
      "version": "0.13.15",
      "resolved": "https://registry.npmjs.org/esbuild-netbsd-64/-/esbuild-netbsd-64-0.13.15.tgz",
      "integrity": "sha512-3+yE9emwoevLMyvu+iR3rsa+Xwhie7ZEHMGDQ6dkqP/ndFzRHkobHUKTe+NCApSqG5ce2z4rFu+NX/UHnxlh3w==",
      "cpu": [
        "x64"
      ],
      "dev": true,
      "optional": true,
      "os": [
        "netbsd"
      ]
    },
    "node_modules/barely-a-dev-server/node_modules/esbuild-openbsd-64": {
      "version": "0.13.15",
      "resolved": "https://registry.npmjs.org/esbuild-openbsd-64/-/esbuild-openbsd-64-0.13.15.tgz",
      "integrity": "sha512-wTfvtwYJYAFL1fSs8yHIdf5GEE4NkbtbXtjLWjM3Cw8mmQKqsg8kTiqJ9NJQe5NX/5Qlo7Xd9r1yKMMkHllp5g==",
      "cpu": [
        "x64"
      ],
      "dev": true,
      "optional": true,
      "os": [
        "openbsd"
      ]
    },
    "node_modules/barely-a-dev-server/node_modules/esbuild-sunos-64": {
      "version": "0.13.15",
      "resolved": "https://registry.npmjs.org/esbuild-sunos-64/-/esbuild-sunos-64-0.13.15.tgz",
      "integrity": "sha512-lbivT9Bx3t1iWWrSnGyBP9ODriEvWDRiweAs69vI+miJoeKwHWOComSRukttbuzjZ8r1q0mQJ8Z7yUsDJ3hKdw==",
      "cpu": [
        "x64"
      ],
      "dev": true,
      "optional": true,
      "os": [
        "sunos"
      ]
    },
    "node_modules/barely-a-dev-server/node_modules/esbuild-windows-32": {
      "version": "0.13.15",
      "resolved": "https://registry.npmjs.org/esbuild-windows-32/-/esbuild-windows-32-0.13.15.tgz",
      "integrity": "sha512-fDMEf2g3SsJ599MBr50cY5ve5lP1wyVwTe6aLJsM01KtxyKkB4UT+fc5MXQFn3RLrAIAZOG+tHC+yXObpSn7Nw==",
      "cpu": [
        "ia32"
      ],
      "dev": true,
      "optional": true,
      "os": [
        "win32"
      ]
    },
    "node_modules/barely-a-dev-server/node_modules/esbuild-windows-64": {
      "version": "0.13.15",
      "resolved": "https://registry.npmjs.org/esbuild-windows-64/-/esbuild-windows-64-0.13.15.tgz",
      "integrity": "sha512-9aMsPRGDWCd3bGjUIKG/ZOJPKsiztlxl/Q3C1XDswO6eNX/Jtwu4M+jb6YDH9hRSUflQWX0XKAfWzgy5Wk54JQ==",
      "cpu": [
        "x64"
      ],
      "dev": true,
      "optional": true,
      "os": [
        "win32"
      ]
    },
    "node_modules/barely-a-dev-server/node_modules/esbuild-windows-arm64": {
      "version": "0.13.15",
      "resolved": "https://registry.npmjs.org/esbuild-windows-arm64/-/esbuild-windows-arm64-0.13.15.tgz",
      "integrity": "sha512-zzvyCVVpbwQQATaf3IG8mu1IwGEiDxKkYUdA4FpoCHi1KtPa13jeScYDjlW0Qh+ebWzpKfR2ZwvqAQkSWNcKjA==",
      "cpu": [
        "arm64"
      ],
      "dev": true,
      "optional": true,
      "os": [
        "win32"
      ]
    },
    "node_modules/comlink": {
      "version": "4.3.1",
      "resolved": "https://registry.npmjs.org/comlink/-/comlink-4.3.1.tgz",
      "integrity": "sha512-+YbhUdNrpBZggBAHWcgQMLPLH1KDF3wJpeqrCKieWQ8RL7atmgsgTQko1XEBK6PsecfopWNntopJ+ByYG1lRaA=="
    },
    "node_modules/cubing": {
      "version": "0.32.1",
      "resolved": "https://registry.npmjs.org/cubing/-/cubing-0.32.1.tgz",
      "integrity": "sha512-ip4UD/F6XT9QDd7Z+xVoXbazr0uTQRE4s8oulBPctL+D+VDSxpydpvuKLK0Q8y6Ho6W84i2Fk6nwf+IYSUEh8A==",
      "dependencies": {
        "@types/three": "^0.144.0",
        "@types/web-bluetooth": "^0.0.15",
        "comlink": "^4.3.1",
        "random-uint-below": "^2.0.0",
        "three": "^0.144.0"
      },
      "engines": {
        "node": ">=19"
      }
    },
    "node_modules/esbuild": {
      "version": "0.14.7",
      "resolved": "https://registry.npmjs.org/esbuild/-/esbuild-0.14.7.tgz",
      "integrity": "sha512-+u/msd6iu+HvfysUPkZ9VHm83LImmSNnecYPfFI01pQ7TTcsFR+V0BkybZX7mPtIaI7LCrse6YRj+v3eraJSgw==",
      "dev": true,
      "hasInstallScript": true,
      "bin": {
        "esbuild": "bin/esbuild"
      },
      "optionalDependencies": {
        "esbuild-android-arm64": "0.14.7",
        "esbuild-darwin-64": "0.14.7",
        "esbuild-darwin-arm64": "0.14.7",
        "esbuild-freebsd-64": "0.14.7",
        "esbuild-freebsd-arm64": "0.14.7",
        "esbuild-linux-32": "0.14.7",
        "esbuild-linux-64": "0.14.7",
        "esbuild-linux-arm": "0.14.7",
        "esbuild-linux-arm64": "0.14.7",
        "esbuild-linux-mips64le": "0.14.7",
        "esbuild-linux-ppc64le": "0.14.7",
        "esbuild-netbsd-64": "0.14.7",
        "esbuild-openbsd-64": "0.14.7",
        "esbuild-sunos-64": "0.14.7",
        "esbuild-windows-32": "0.14.7",
        "esbuild-windows-64": "0.14.7",
        "esbuild-windows-arm64": "0.14.7"
      }
    },
    "node_modules/esbuild-android-arm64": {
      "version": "0.14.7",
      "resolved": "https://registry.npmjs.org/esbuild-android-arm64/-/esbuild-android-arm64-0.14.7.tgz",
      "integrity": "sha512-9/Q1NC4JErvsXzJKti0NHt+vzKjZOgPIjX/e6kkuCzgfT/GcO3FVBcGIv4HeJG7oMznE6KyKhvLrFgt7CdU2/w==",
      "cpu": [
        "arm64"
      ],
      "dev": true,
      "optional": true,
      "os": [
        "android"
      ]
    },
    "node_modules/esbuild-darwin-64": {
      "version": "0.14.7",
      "resolved": "https://registry.npmjs.org/esbuild-darwin-64/-/esbuild-darwin-64-0.14.7.tgz",
      "integrity": "sha512-Z9X+3TT/Xj+JiZTVlwHj2P+8GoiSmUnGVz0YZTSt8WTbW3UKw5Pw2ucuJ8VzbD2FPy0jbIKJkko/6CMTQchShQ==",
      "cpu": [
        "x64"
      ],
      "dev": true,
      "optional": true,
      "os": [
        "darwin"
      ]
    },
    "node_modules/esbuild-darwin-arm64": {
      "version": "0.14.7",
      "resolved": "https://registry.npmjs.org/esbuild-darwin-arm64/-/esbuild-darwin-arm64-0.14.7.tgz",
      "integrity": "sha512-68e7COhmwIiLXBEyxUxZSSU0akgv8t3e50e2QOtKdBUE0F6KIRISzFntLe2rYlNqSsjGWsIO6CCc9tQxijjSkw==",
      "cpu": [
        "arm64"
      ],
      "dev": true,
      "optional": true,
      "os": [
        "darwin"
      ]
    },
    "node_modules/esbuild-freebsd-64": {
      "version": "0.14.7",
      "resolved": "https://registry.npmjs.org/esbuild-freebsd-64/-/esbuild-freebsd-64-0.14.7.tgz",
      "integrity": "sha512-76zy5jAjPiXX/S3UvRgG85Bb0wy0zv/J2lel3KtHi4V7GUTBfhNUPt0E5bpSXJ6yMT7iThhnA5rOn+IJiUcslQ==",
      "cpu": [
        "x64"
      ],
      "dev": true,
      "optional": true,
      "os": [
        "freebsd"
      ]
    },
    "node_modules/esbuild-freebsd-arm64": {
      "version": "0.14.7",
      "resolved": "https://registry.npmjs.org/esbuild-freebsd-arm64/-/esbuild-freebsd-arm64-0.14.7.tgz",
      "integrity": "sha512-lSlYNLiqyzd7qCN5CEOmLxn7MhnGHPcu5KuUYOG1i+t5A6q7LgBmfYC9ZHJBoYyow3u4CNu79AWHbvVLpE/VQQ==",
      "cpu": [
        "arm64"
      ],
      "dev": true,
      "optional": true,
      "os": [
        "freebsd"
      ]
    },
    "node_modules/esbuild-linux-32": {
      "version": "0.14.7",
      "resolved": "https://registry.npmjs.org/esbuild-linux-32/-/esbuild-linux-32-0.14.7.tgz",
      "integrity": "sha512-Vk28u409wVOXqTaT6ek0TnfQG4Ty1aWWfiysIaIRERkNLhzLhUf4i+qJBN8mMuGTYOkE40F0Wkbp6m+IidOp2A==",
      "cpu": [
        "ia32"
      ],
      "dev": true,
      "optional": true,
      "os": [
        "linux"
      ]
    },
    "node_modules/esbuild-linux-64": {
      "version": "0.14.7",
      "resolved": "https://registry.npmjs.org/esbuild-linux-64/-/esbuild-linux-64-0.14.7.tgz",
      "integrity": "sha512-+Lvz6x+8OkRk3K2RtZwO+0a92jy9si9cUea5Zoru4yJ/6EQm9ENX5seZE0X9DTwk1dxJbjmLsJsd3IoowyzgVg==",
      "cpu": [
        "x64"
      ],
      "dev": true,
      "optional": true,
      "os": [
        "linux"
      ]
    },
    "node_modules/esbuild-linux-arm": {
      "version": "0.14.7",
      "resolved": "https://registry.npmjs.org/esbuild-linux-arm/-/esbuild-linux-arm-0.14.7.tgz",
      "integrity": "sha512-OzpXEBogbYdcBqE4uKynuSn5YSetCvK03Qv1HcOY1VN6HmReuatjJ21dCH+YPHSpMEF0afVCnNfffvsGEkxGJQ==",
      "cpu": [
        "arm"
      ],
      "dev": true,
      "optional": true,
      "os": [
        "linux"
      ]
    },
    "node_modules/esbuild-linux-arm64": {
      "version": "0.14.7",
      "resolved": "https://registry.npmjs.org/esbuild-linux-arm64/-/esbuild-linux-arm64-0.14.7.tgz",
      "integrity": "sha512-kJd5beWSqteSAW086qzCEsH6uwpi7QRIpzYWHzEYwKKu9DiG1TwIBegQJmLpPsLp4v5RAFjea0JAmAtpGtRpqg==",
      "cpu": [
        "arm64"
      ],
      "dev": true,
      "optional": true,
      "os": [
        "linux"
      ]
    },
    "node_modules/esbuild-linux-mips64le": {
      "version": "0.14.7",
      "resolved": "https://registry.npmjs.org/esbuild-linux-mips64le/-/esbuild-linux-mips64le-0.14.7.tgz",
      "integrity": "sha512-mFWpnDhZJmj/h7pxqn1GGDsKwRfqtV7fx6kTF5pr4PfXe8pIaTERpwcKkoCwZUkWAOmUEjMIUAvFM72A6hMZnA==",
      "cpu": [
        "mips64el"
      ],
      "dev": true,
      "optional": true,
      "os": [
        "linux"
      ]
    },
    "node_modules/esbuild-linux-ppc64le": {
      "version": "0.14.7",
      "resolved": "https://registry.npmjs.org/esbuild-linux-ppc64le/-/esbuild-linux-ppc64le-0.14.7.tgz",
      "integrity": "sha512-wM7f4M0bsQXfDL4JbbYD0wsr8cC8KaQ3RPWc/fV27KdErPW7YsqshZZSjDV0kbhzwpNNdhLItfbaRT8OE8OaKA==",
      "cpu": [
        "ppc64"
      ],
      "dev": true,
      "optional": true,
      "os": [
        "linux"
      ]
    },
    "node_modules/esbuild-netbsd-64": {
      "version": "0.14.7",
      "resolved": "https://registry.npmjs.org/esbuild-netbsd-64/-/esbuild-netbsd-64-0.14.7.tgz",
      "integrity": "sha512-J/afS7woKyzGgAL5FlgvMyqgt5wQ597lgsT+xc2yJ9/7BIyezeXutXqfh05vszy2k3kSvhLesugsxIA71WsqBw==",
      "cpu": [
        "x64"
      ],
      "dev": true,
      "optional": true,
      "os": [
        "netbsd"
      ]
    },
    "node_modules/esbuild-openbsd-64": {
      "version": "0.14.7",
      "resolved": "https://registry.npmjs.org/esbuild-openbsd-64/-/esbuild-openbsd-64-0.14.7.tgz",
      "integrity": "sha512-7CcxgdlCD+zAPyveKoznbgr3i0Wnh0L8BDGRCjE/5UGkm5P/NQko51tuIDaYof8zbmXjjl0OIt9lSo4W7I8mrw==",
      "cpu": [
        "x64"
      ],
      "dev": true,
      "optional": true,
      "os": [
        "openbsd"
      ]
    },
    "node_modules/esbuild-sunos-64": {
      "version": "0.14.7",
      "resolved": "https://registry.npmjs.org/esbuild-sunos-64/-/esbuild-sunos-64-0.14.7.tgz",
      "integrity": "sha512-GKCafP2j/KUljVC3nesw1wLFSZktb2FGCmoT1+730zIF5O6hNroo0bSEofm6ZK5mNPnLiSaiLyRB9YFgtkd5Xg==",
      "cpu": [
        "x64"
      ],
      "dev": true,
      "optional": true,
      "os": [
        "sunos"
      ]
    },
    "node_modules/esbuild-windows-32": {
      "version": "0.14.7",
      "resolved": "https://registry.npmjs.org/esbuild-windows-32/-/esbuild-windows-32-0.14.7.tgz",
      "integrity": "sha512-5I1GeL/gZoUUdTPA0ws54bpYdtyeA2t6MNISalsHpY269zK8Jia/AXB3ta/KcDHv2SvNwabpImeIPXC/k0YW6A==",
      "cpu": [
        "ia32"
      ],
      "dev": true,
      "optional": true,
      "os": [
        "win32"
      ]
    },
    "node_modules/esbuild-windows-64": {
      "version": "0.14.7",
      "resolved": "https://registry.npmjs.org/esbuild-windows-64/-/esbuild-windows-64-0.14.7.tgz",
      "integrity": "sha512-CIGKCFpQOSlYsLMbxt8JjxxvVw9MlF1Rz2ABLVfFyHUF5OeqHD5fPhGrCVNaVrhO8Xrm+yFmtjcZudUGr5/WYQ==",
      "cpu": [
        "x64"
      ],
      "dev": true,
      "optional": true,
      "os": [
        "win32"
      ]
    },
    "node_modules/esbuild-windows-arm64": {
      "version": "0.14.7",
      "resolved": "https://registry.npmjs.org/esbuild-windows-arm64/-/esbuild-windows-arm64-0.14.7.tgz",
      "integrity": "sha512-eOs1eSivOqN7cFiRIukEruWhaCf75V0N8P0zP7dh44LIhLl8y6/z++vv9qQVbkBm5/D7M7LfCfCTmt1f1wHOCw==",
      "cpu": [
        "arm64"
      ],
      "dev": true,
      "optional": true,
      "os": [
        "win32"
      ]
    },
    "node_modules/random-uint-below": {
      "version": "2.0.0",
      "resolved": "https://registry.npmjs.org/random-uint-below/-/random-uint-below-2.0.0.tgz",
      "integrity": "sha512-2gD9r+3IkNJ6JGfra+T2tA4SGf3ne5pz2QGuXQ9fXdxAX38i0OEsqJ19smnEsYnjhYi0H0ICo8D4pfqw3Pszhw==",
      "engines": {
        "node": ">=19"
      }
    },
    "node_modules/three": {
      "version": "0.144.0",
      "resolved": "https://registry.npmjs.org/three/-/three-0.144.0.tgz",
      "integrity": "sha512-R8AXPuqfjfRJKkYoTQcTK7A6i3AdO9++2n8ubya/GTU+fEHhYKu1ZooRSCPkx69jbnzT7dD/xEo6eROQTt2lJw=="
    },
    "node_modules/typescript": {
      "version": "4.5.4",
      "resolved": "https://registry.npmjs.org/typescript/-/typescript-4.5.4.tgz",
      "integrity": "sha512-VgYs2A2QIRuGphtzFV7aQJduJ2gyfTljngLzjpfW9FoYZF6xuw1W0vW9ghCKLfcWrCFxK81CSGRAvS1pn4fIUg==",
      "dev": true,
      "bin": {
        "tsc": "bin/tsc",
        "tsserver": "bin/tsserver"
      },
      "engines": {
        "node": ">=4.2.0"
      }
    }
  },
  "dependencies": {
    "@types/three": {
      "version": "0.144.0",
      "resolved": "https://registry.npmjs.org/@types/three/-/three-0.144.0.tgz",
      "integrity": "sha512-psvEs6q5rLN50jUYZ3D4pZMfxTbdt3A243blt0my7/NcL6chaCZpHe2csbCtx0SOD9fI/XnF3wnVUAYZGqCSYg==",
      "requires": {
        "@types/webxr": "*"
      }
    },
    "@types/web-bluetooth": {
      "version": "0.0.15",
      "resolved": "https://registry.npmjs.org/@types/web-bluetooth/-/web-bluetooth-0.0.15.tgz",
      "integrity": "sha512-w7hEHXnPMEZ+4nGKl/KDRVpxkwYxYExuHOYXyzIzCDzEZ9ZCGMAewulr9IqJu2LR4N37fcnb1XVeuZ09qgOxhA=="
    },
    "@types/webxr": {
      "version": "0.5.0",
      "resolved": "https://registry.npmjs.org/@types/webxr/-/webxr-0.5.0.tgz",
      "integrity": "sha512-IUMDPSXnYIbEO2IereEFcgcqfDREOgmbGqtrMpVPpACTU6pltYLwHgVkrnYv0XhWEcjio9sYEfIEzgn3c7nDqA=="
    },
    "barely-a-dev-server": {
      "version": "0.2.5",
      "resolved": "https://registry.npmjs.org/barely-a-dev-server/-/barely-a-dev-server-0.2.5.tgz",
      "integrity": "sha512-RtJTNC2PoKWw79FqeSnHTckZ9uxpjLLndocBcA9e/6ZU1lMTkX57LvE7bP+QeKtyIw248GpqqbtBagaHdkEZLA==",
      "dev": true,
      "requires": {
        "esbuild": "^0.13.4"
      },
      "dependencies": {
        "esbuild": {
          "version": "0.13.15",
          "resolved": "https://registry.npmjs.org/esbuild/-/esbuild-0.13.15.tgz",
          "integrity": "sha512-raCxt02HBKv8RJxE8vkTSCXGIyKHdEdGfUmiYb8wnabnaEmHzyW7DCHb5tEN0xU8ryqg5xw54mcwnYkC4x3AIw==",
          "dev": true,
          "requires": {
            "esbuild-android-arm64": "0.13.15",
            "esbuild-darwin-64": "0.13.15",
            "esbuild-darwin-arm64": "0.13.15",
            "esbuild-freebsd-64": "0.13.15",
            "esbuild-freebsd-arm64": "0.13.15",
            "esbuild-linux-32": "0.13.15",
            "esbuild-linux-64": "0.13.15",
            "esbuild-linux-arm": "0.13.15",
            "esbuild-linux-arm64": "0.13.15",
            "esbuild-linux-mips64le": "0.13.15",
            "esbuild-linux-ppc64le": "0.13.15",
            "esbuild-netbsd-64": "0.13.15",
            "esbuild-openbsd-64": "0.13.15",
            "esbuild-sunos-64": "0.13.15",
            "esbuild-windows-32": "0.13.15",
            "esbuild-windows-64": "0.13.15",
            "esbuild-windows-arm64": "0.13.15"
          }
        },
        "esbuild-android-arm64": {
          "version": "0.13.15",
          "resolved": "https://registry.npmjs.org/esbuild-android-arm64/-/esbuild-android-arm64-0.13.15.tgz",
          "integrity": "sha512-m602nft/XXeO8YQPUDVoHfjyRVPdPgjyyXOxZ44MK/agewFFkPa8tUo6lAzSWh5Ui5PB4KR9UIFTSBKh/RrCmg==",
          "dev": true,
          "optional": true
        },
        "esbuild-darwin-64": {
          "version": "0.13.15",
          "resolved": "https://registry.npmjs.org/esbuild-darwin-64/-/esbuild-darwin-64-0.13.15.tgz",
          "integrity": "sha512-ihOQRGs2yyp7t5bArCwnvn2Atr6X4axqPpEdCFPVp7iUj4cVSdisgvEKdNR7yH3JDjW6aQDw40iQFoTqejqxvQ==",
          "dev": true,
          "optional": true
        },
        "esbuild-darwin-arm64": {
          "version": "0.13.15",
          "resolved": "https://registry.npmjs.org/esbuild-darwin-arm64/-/esbuild-darwin-arm64-0.13.15.tgz",
          "integrity": "sha512-i1FZssTVxUqNlJ6cBTj5YQj4imWy3m49RZRnHhLpefFIh0To05ow9DTrXROTE1urGTQCloFUXTX8QfGJy1P8dQ==",
          "dev": true,
          "optional": true
        },
        "esbuild-freebsd-64": {
          "version": "0.13.15",
          "resolved": "https://registry.npmjs.org/esbuild-freebsd-64/-/esbuild-freebsd-64-0.13.15.tgz",
          "integrity": "sha512-G3dLBXUI6lC6Z09/x+WtXBXbOYQZ0E8TDBqvn7aMaOCzryJs8LyVXKY4CPnHFXZAbSwkCbqiPuSQ1+HhrNk7EA==",
          "dev": true,
          "optional": true
        },
        "esbuild-freebsd-arm64": {
          "version": "0.13.15",
          "resolved": "https://registry.npmjs.org/esbuild-freebsd-arm64/-/esbuild-freebsd-arm64-0.13.15.tgz",
          "integrity": "sha512-KJx0fzEDf1uhNOZQStV4ujg30WlnwqUASaGSFPhznLM/bbheu9HhqZ6mJJZM32lkyfGJikw0jg7v3S0oAvtvQQ==",
          "dev": true,
          "optional": true
        },
        "esbuild-linux-32": {
          "version": "0.13.15",
          "resolved": "https://registry.npmjs.org/esbuild-linux-32/-/esbuild-linux-32-0.13.15.tgz",
          "integrity": "sha512-ZvTBPk0YWCLMCXiFmD5EUtB30zIPvC5Itxz0mdTu/xZBbbHJftQgLWY49wEPSn2T/TxahYCRDWun5smRa0Tu+g==",
          "dev": true,
          "optional": true
        },
        "esbuild-linux-64": {
          "version": "0.13.15",
          "resolved": "https://registry.npmjs.org/esbuild-linux-64/-/esbuild-linux-64-0.13.15.tgz",
          "integrity": "sha512-eCKzkNSLywNeQTRBxJRQ0jxRCl2YWdMB3+PkWFo2BBQYC5mISLIVIjThNtn6HUNqua1pnvgP5xX0nHbZbPj5oA==",
          "dev": true,
          "optional": true
        },
        "esbuild-linux-arm": {
          "version": "0.13.15",
          "resolved": "https://registry.npmjs.org/esbuild-linux-arm/-/esbuild-linux-arm-0.13.15.tgz",
          "integrity": "sha512-wUHttDi/ol0tD8ZgUMDH8Ef7IbDX+/UsWJOXaAyTdkT7Yy9ZBqPg8bgB/Dn3CZ9SBpNieozrPRHm0BGww7W/jA==",
          "dev": true,
          "optional": true
        },
        "esbuild-linux-arm64": {
          "version": "0.13.15",
          "resolved": "https://registry.npmjs.org/esbuild-linux-arm64/-/esbuild-linux-arm64-0.13.15.tgz",
          "integrity": "sha512-bYpuUlN6qYU9slzr/ltyLTR9YTBS7qUDymO8SV7kjeNext61OdmqFAzuVZom+OLW1HPHseBfJ/JfdSlx8oTUoA==",
          "dev": true,
          "optional": true
        },
        "esbuild-linux-mips64le": {
          "version": "0.13.15",
          "resolved": "https://registry.npmjs.org/esbuild-linux-mips64le/-/esbuild-linux-mips64le-0.13.15.tgz",
          "integrity": "sha512-KlVjIG828uFPyJkO/8gKwy9RbXhCEUeFsCGOJBepUlpa7G8/SeZgncUEz/tOOUJTcWMTmFMtdd3GElGyAtbSWg==",
          "dev": true,
          "optional": true
        },
        "esbuild-linux-ppc64le": {
          "version": "0.13.15",
          "resolved": "https://registry.npmjs.org/esbuild-linux-ppc64le/-/esbuild-linux-ppc64le-0.13.15.tgz",
          "integrity": "sha512-h6gYF+OsaqEuBjeesTBtUPw0bmiDu7eAeuc2OEH9S6mV9/jPhPdhOWzdeshb0BskRZxPhxPOjqZ+/OqLcxQwEQ==",
          "dev": true,
          "optional": true
        },
        "esbuild-netbsd-64": {
          "version": "0.13.15",
          "resolved": "https://registry.npmjs.org/esbuild-netbsd-64/-/esbuild-netbsd-64-0.13.15.tgz",
          "integrity": "sha512-3+yE9emwoevLMyvu+iR3rsa+Xwhie7ZEHMGDQ6dkqP/ndFzRHkobHUKTe+NCApSqG5ce2z4rFu+NX/UHnxlh3w==",
          "dev": true,
          "optional": true
        },
        "esbuild-openbsd-64": {
          "version": "0.13.15",
          "resolved": "https://registry.npmjs.org/esbuild-openbsd-64/-/esbuild-openbsd-64-0.13.15.tgz",
          "integrity": "sha512-wTfvtwYJYAFL1fSs8yHIdf5GEE4NkbtbXtjLWjM3Cw8mmQKqsg8kTiqJ9NJQe5NX/5Qlo7Xd9r1yKMMkHllp5g==",
          "dev": true,
          "optional": true
        },
        "esbuild-sunos-64": {
          "version": "0.13.15",
          "resolved": "https://registry.npmjs.org/esbuild-sunos-64/-/esbuild-sunos-64-0.13.15.tgz",
          "integrity": "sha512-lbivT9Bx3t1iWWrSnGyBP9ODriEvWDRiweAs69vI+miJoeKwHWOComSRukttbuzjZ8r1q0mQJ8Z7yUsDJ3hKdw==",
          "dev": true,
          "optional": true
        },
        "esbuild-windows-32": {
          "version": "0.13.15",
          "resolved": "https://registry.npmjs.org/esbuild-windows-32/-/esbuild-windows-32-0.13.15.tgz",
          "integrity": "sha512-fDMEf2g3SsJ599MBr50cY5ve5lP1wyVwTe6aLJsM01KtxyKkB4UT+fc5MXQFn3RLrAIAZOG+tHC+yXObpSn7Nw==",
          "dev": true,
          "optional": true
        },
        "esbuild-windows-64": {
          "version": "0.13.15",
          "resolved": "https://registry.npmjs.org/esbuild-windows-64/-/esbuild-windows-64-0.13.15.tgz",
          "integrity": "sha512-9aMsPRGDWCd3bGjUIKG/ZOJPKsiztlxl/Q3C1XDswO6eNX/Jtwu4M+jb6YDH9hRSUflQWX0XKAfWzgy5Wk54JQ==",
          "dev": true,
          "optional": true
        },
        "esbuild-windows-arm64": {
          "version": "0.13.15",
          "resolved": "https://registry.npmjs.org/esbuild-windows-arm64/-/esbuild-windows-arm64-0.13.15.tgz",
          "integrity": "sha512-zzvyCVVpbwQQATaf3IG8mu1IwGEiDxKkYUdA4FpoCHi1KtPa13jeScYDjlW0Qh+ebWzpKfR2ZwvqAQkSWNcKjA==",
          "dev": true,
          "optional": true
        }
      }
    },
    "comlink": {
      "version": "4.3.1",
      "resolved": "https://registry.npmjs.org/comlink/-/comlink-4.3.1.tgz",
      "integrity": "sha512-+YbhUdNrpBZggBAHWcgQMLPLH1KDF3wJpeqrCKieWQ8RL7atmgsgTQko1XEBK6PsecfopWNntopJ+ByYG1lRaA=="
    },
    "cubing": {
      "version": "0.32.1",
      "resolved": "https://registry.npmjs.org/cubing/-/cubing-0.32.1.tgz",
      "integrity": "sha512-ip4UD/F6XT9QDd7Z+xVoXbazr0uTQRE4s8oulBPctL+D+VDSxpydpvuKLK0Q8y6Ho6W84i2Fk6nwf+IYSUEh8A==",
      "requires": {
        "@types/three": "^0.144.0",
        "@types/web-bluetooth": "^0.0.15",
        "comlink": "^4.3.1",
        "random-uint-below": "^2.0.0",
        "three": "^0.144.0"
      }
    },
    "esbuild": {
      "version": "0.14.7",
      "resolved": "https://registry.npmjs.org/esbuild/-/esbuild-0.14.7.tgz",
      "integrity": "sha512-+u/msd6iu+HvfysUPkZ9VHm83LImmSNnecYPfFI01pQ7TTcsFR+V0BkybZX7mPtIaI7LCrse6YRj+v3eraJSgw==",
      "dev": true,
      "requires": {
        "esbuild-android-arm64": "0.14.7",
        "esbuild-darwin-64": "0.14.7",
        "esbuild-darwin-arm64": "0.14.7",
        "esbuild-freebsd-64": "0.14.7",
        "esbuild-freebsd-arm64": "0.14.7",
        "esbuild-linux-32": "0.14.7",
        "esbuild-linux-64": "0.14.7",
        "esbuild-linux-arm": "0.14.7",
        "esbuild-linux-arm64": "0.14.7",
        "esbuild-linux-mips64le": "0.14.7",
        "esbuild-linux-ppc64le": "0.14.7",
        "esbuild-netbsd-64": "0.14.7",
        "esbuild-openbsd-64": "0.14.7",
        "esbuild-sunos-64": "0.14.7",
        "esbuild-windows-32": "0.14.7",
        "esbuild-windows-64": "0.14.7",
        "esbuild-windows-arm64": "0.14.7"
      }
    },
    "esbuild-android-arm64": {
      "version": "0.14.7",
      "resolved": "https://registry.npmjs.org/esbuild-android-arm64/-/esbuild-android-arm64-0.14.7.tgz",
      "integrity": "sha512-9/Q1NC4JErvsXzJKti0NHt+vzKjZOgPIjX/e6kkuCzgfT/GcO3FVBcGIv4HeJG7oMznE6KyKhvLrFgt7CdU2/w==",
      "dev": true,
      "optional": true
    },
    "esbuild-darwin-64": {
      "version": "0.14.7",
      "resolved": "https://registry.npmjs.org/esbuild-darwin-64/-/esbuild-darwin-64-0.14.7.tgz",
      "integrity": "sha512-Z9X+3TT/Xj+JiZTVlwHj2P+8GoiSmUnGVz0YZTSt8WTbW3UKw5Pw2ucuJ8VzbD2FPy0jbIKJkko/6CMTQchShQ==",
      "dev": true,
      "optional": true
    },
    "esbuild-darwin-arm64": {
      "version": "0.14.7",
      "resolved": "https://registry.npmjs.org/esbuild-darwin-arm64/-/esbuild-darwin-arm64-0.14.7.tgz",
      "integrity": "sha512-68e7COhmwIiLXBEyxUxZSSU0akgv8t3e50e2QOtKdBUE0F6KIRISzFntLe2rYlNqSsjGWsIO6CCc9tQxijjSkw==",
      "dev": true,
      "optional": true
    },
    "esbuild-freebsd-64": {
      "version": "0.14.7",
      "resolved": "https://registry.npmjs.org/esbuild-freebsd-64/-/esbuild-freebsd-64-0.14.7.tgz",
      "integrity": "sha512-76zy5jAjPiXX/S3UvRgG85Bb0wy0zv/J2lel3KtHi4V7GUTBfhNUPt0E5bpSXJ6yMT7iThhnA5rOn+IJiUcslQ==",
      "dev": true,
      "optional": true
    },
    "esbuild-freebsd-arm64": {
      "version": "0.14.7",
      "resolved": "https://registry.npmjs.org/esbuild-freebsd-arm64/-/esbuild-freebsd-arm64-0.14.7.tgz",
      "integrity": "sha512-lSlYNLiqyzd7qCN5CEOmLxn7MhnGHPcu5KuUYOG1i+t5A6q7LgBmfYC9ZHJBoYyow3u4CNu79AWHbvVLpE/VQQ==",
      "dev": true,
      "optional": true
    },
    "esbuild-linux-32": {
      "version": "0.14.7",
      "resolved": "https://registry.npmjs.org/esbuild-linux-32/-/esbuild-linux-32-0.14.7.tgz",
      "integrity": "sha512-Vk28u409wVOXqTaT6ek0TnfQG4Ty1aWWfiysIaIRERkNLhzLhUf4i+qJBN8mMuGTYOkE40F0Wkbp6m+IidOp2A==",
      "dev": true,
      "optional": true
    },
    "esbuild-linux-64": {
      "version": "0.14.7",
      "resolved": "https://registry.npmjs.org/esbuild-linux-64/-/esbuild-linux-64-0.14.7.tgz",
      "integrity": "sha512-+Lvz6x+8OkRk3K2RtZwO+0a92jy9si9cUea5Zoru4yJ/6EQm9ENX5seZE0X9DTwk1dxJbjmLsJsd3IoowyzgVg==",
      "dev": true,
      "optional": true
    },
    "esbuild-linux-arm": {
      "version": "0.14.7",
      "resolved": "https://registry.npmjs.org/esbuild-linux-arm/-/esbuild-linux-arm-0.14.7.tgz",
      "integrity": "sha512-OzpXEBogbYdcBqE4uKynuSn5YSetCvK03Qv1HcOY1VN6HmReuatjJ21dCH+YPHSpMEF0afVCnNfffvsGEkxGJQ==",
      "dev": true,
      "optional": true
    },
    "esbuild-linux-arm64": {
      "version": "0.14.7",
      "resolved": "https://registry.npmjs.org/esbuild-linux-arm64/-/esbuild-linux-arm64-0.14.7.tgz",
      "integrity": "sha512-kJd5beWSqteSAW086qzCEsH6uwpi7QRIpzYWHzEYwKKu9DiG1TwIBegQJmLpPsLp4v5RAFjea0JAmAtpGtRpqg==",
      "dev": true,
      "optional": true
    },
    "esbuild-linux-mips64le": {
      "version": "0.14.7",
      "resolved": "https://registry.npmjs.org/esbuild-linux-mips64le/-/esbuild-linux-mips64le-0.14.7.tgz",
      "integrity": "sha512-mFWpnDhZJmj/h7pxqn1GGDsKwRfqtV7fx6kTF5pr4PfXe8pIaTERpwcKkoCwZUkWAOmUEjMIUAvFM72A6hMZnA==",
      "dev": true,
      "optional": true
    },
    "esbuild-linux-ppc64le": {
      "version": "0.14.7",
      "resolved": "https://registry.npmjs.org/esbuild-linux-ppc64le/-/esbuild-linux-ppc64le-0.14.7.tgz",
      "integrity": "sha512-wM7f4M0bsQXfDL4JbbYD0wsr8cC8KaQ3RPWc/fV27KdErPW7YsqshZZSjDV0kbhzwpNNdhLItfbaRT8OE8OaKA==",
      "dev": true,
      "optional": true
    },
    "esbuild-netbsd-64": {
      "version": "0.14.7",
      "resolved": "https://registry.npmjs.org/esbuild-netbsd-64/-/esbuild-netbsd-64-0.14.7.tgz",
      "integrity": "sha512-J/afS7woKyzGgAL5FlgvMyqgt5wQ597lgsT+xc2yJ9/7BIyezeXutXqfh05vszy2k3kSvhLesugsxIA71WsqBw==",
      "dev": true,
      "optional": true
    },
    "esbuild-openbsd-64": {
      "version": "0.14.7",
      "resolved": "https://registry.npmjs.org/esbuild-openbsd-64/-/esbuild-openbsd-64-0.14.7.tgz",
      "integrity": "sha512-7CcxgdlCD+zAPyveKoznbgr3i0Wnh0L8BDGRCjE/5UGkm5P/NQko51tuIDaYof8zbmXjjl0OIt9lSo4W7I8mrw==",
      "dev": true,
      "optional": true
    },
    "esbuild-sunos-64": {
      "version": "0.14.7",
      "resolved": "https://registry.npmjs.org/esbuild-sunos-64/-/esbuild-sunos-64-0.14.7.tgz",
      "integrity": "sha512-GKCafP2j/KUljVC3nesw1wLFSZktb2FGCmoT1+730zIF5O6hNroo0bSEofm6ZK5mNPnLiSaiLyRB9YFgtkd5Xg==",
      "dev": true,
      "optional": true
    },
    "esbuild-windows-32": {
      "version": "0.14.7",
      "resolved": "https://registry.npmjs.org/esbuild-windows-32/-/esbuild-windows-32-0.14.7.tgz",
      "integrity": "sha512-5I1GeL/gZoUUdTPA0ws54bpYdtyeA2t6MNISalsHpY269zK8Jia/AXB3ta/KcDHv2SvNwabpImeIPXC/k0YW6A==",
      "dev": true,
      "optional": true
    },
    "esbuild-windows-64": {
      "version": "0.14.7",
      "resolved": "https://registry.npmjs.org/esbuild-windows-64/-/esbuild-windows-64-0.14.7.tgz",
      "integrity": "sha512-CIGKCFpQOSlYsLMbxt8JjxxvVw9MlF1Rz2ABLVfFyHUF5OeqHD5fPhGrCVNaVrhO8Xrm+yFmtjcZudUGr5/WYQ==",
      "dev": true,
      "optional": true
    },
    "esbuild-windows-arm64": {
      "version": "0.14.7",
      "resolved": "https://registry.npmjs.org/esbuild-windows-arm64/-/esbuild-windows-arm64-0.14.7.tgz",
      "integrity": "sha512-eOs1eSivOqN7cFiRIukEruWhaCf75V0N8P0zP7dh44LIhLl8y6/z++vv9qQVbkBm5/D7M7LfCfCTmt1f1wHOCw==",
      "dev": true,
      "optional": true
    },
    "random-uint-below": {
      "version": "2.0.0",
      "resolved": "https://registry.npmjs.org/random-uint-below/-/random-uint-below-2.0.0.tgz",
      "integrity": "sha512-2gD9r+3IkNJ6JGfra+T2tA4SGf3ne5pz2QGuXQ9fXdxAX38i0OEsqJ19smnEsYnjhYi0H0ICo8D4pfqw3Pszhw=="
    },
    "three": {
      "version": "0.144.0",
      "resolved": "https://registry.npmjs.org/three/-/three-0.144.0.tgz",
      "integrity": "sha512-R8AXPuqfjfRJKkYoTQcTK7A6i3AdO9++2n8ubya/GTU+fEHhYKu1ZooRSCPkx69jbnzT7dD/xEo6eROQTt2lJw=="
    },
    "typescript": {
      "version": "4.5.4",
      "resolved": "https://registry.npmjs.org/typescript/-/typescript-4.5.4.tgz",
      "integrity": "sha512-VgYs2A2QIRuGphtzFV7aQJduJ2gyfTljngLzjpfW9FoYZF6xuw1W0vW9ghCKLfcWrCFxK81CSGRAvS1pn4fIUg==",
      "dev": true
    }
  }
}
